
Microsoft Visual Studio Solution File, Format Version 12.00
# Visual Studio Version 16
VisualStudioVersion = 16.0.28803.202
MinimumVisualStudioVersion = 10.0.40219.1
Project("{8BC9CEB8-8B4A-11D0-8D11-00A0C91BC942}") = "Fs_App", "Fs_App\Fs_App.vcxproj", "{0ABDB5F4-B5F1-4EF7-8FBD-A4A39FF96EC8}"
EndProject
Global
	GlobalSection(SolutionConfigurationPlatforms) = preSolution
		Debug|x64 = Debug|x64
		Debug|x86 = Debug|x86
		Release|x64 = Release|x64
		Release|x86 = Release|x86
	EndGlobalSection
	GlobalSection(ProjectConfigurationPlatforms) = postSolution
		{0ABDB5F4-B5F1-4EF7-8FBD-A4A39FF96EC8}.Debug|x64.ActiveCfg = Debug|x64
		{0ABDB5F4-B5F1-4EF7-8FBD-A4A39FF96EC8}.Debug|x64.Build.0 = Debug|x64
		{0ABDB5F4-B5F1-4EF7-8FBD-A4A39FF96EC8}.Debug|x86.ActiveCfg = Debug|Win32
		{0ABDB5F4-B5F1-4EF7-8FBD-A4A39FF96EC8}.Debug|x86.Build.0 = Debug|Win32
		{0ABDB5F4-B5F1-4EF7-8FBD-A4A39FF96EC8}.Release|x64.ActiveCfg = Release|x64
		{0ABDB5F4-B5F1-4EF7-8FBD-A4A39FF96EC8}.Release|x64.Build.0 = Release|x64
		{0ABDB5F4-B5F1-4EF7-8FBD-A4A39FF96EC8}.Release|x86.ActiveCfg = Release|Win32
		{0ABDB5F4-B5F1-4EF7-8FBD-A4A39FF96EC8}.Release|x86.Build.0 = Release|Win32
	EndGlobalSection
	GlobalSection(SolutionProperties) = preSolution
		HideSolutionNode = FALSE
	EndGlobalSection
	GlobalSection(ExtensibilityGlobals) = postSolution
		SolutionGuid = {79A7E6CE-E77C-4713-8B3D-42AB214FF1F3}
	EndGlobalSection
EndGlobal
